
Microsoft Visual Studio Solution File, Format Version 12.00
# Visual Studio Version 16
VisualStudioVersion = 16.0.29613.14
MinimumVisualStudioVersion = 10.0.40219.1
Project("{FAE04EC0-301F-11D3-BF4B-00C04F79EFBC}") = "PipeTransform", "PipeTransform\PipeTransform.csproj", "{DD4EFF74-853F-41BA-90EB-0183374DB5BA}"
EndProject
Global
	GlobalSection(SolutionConfigurationPlatforms) = preSolution
		Debug|Any CPU = Debug|Any CPU
		Release|Any CPU = Release|Any CPU
	EndGlobalSection
	GlobalSection(ProjectConfigurationPlatforms) = postSolution
		{DD4EFF74-853F-41BA-90EB-0183374DB5BA}.Debug|Any CPU.ActiveCfg = Debug|Any CPU
		{DD4EFF74-853F-41BA-90EB-0183374DB5BA}.Debug|Any CPU.Build.0 = Debug|Any CPU
		{DD4EFF74-853F-41BA-90EB-0183374DB5BA}.Release|Any CPU.ActiveCfg = Release|Any CPU
		{DD4EFF74-853F-41BA-90EB-0183374DB5BA}.Release|Any CPU.Build.0 = Release|Any CPU
	EndGlobalSection
	GlobalSection(SolutionProperties) = preSolution
		HideSolutionNode = FALSE
	EndGlobalSection
	GlobalSection(ExtensibilityGlobals) = postSolution
		SolutionGuid = {AA1242B8-DF4D-48AA-BFFD-8877965D688A}
	EndGlobalSection
EndGlobal
